
Microsoft Visual Studio Solution File, Format Version 12.00
# Visual Studio 2012
Project("{FAE04EC0-301F-11D3-BF4B-00C04F79EFBC}") = "Mindscape.Raygun4Net.Portable", "Mindscape.Raygun4Net.Portable\Mindscape.Raygun4Net.Portable.csproj", "{B488F2E3-E4DE-4D9B-937C-80E2526A3822}"
EndProject
Global
	GlobalSection(SolutionConfigurationPlatforms) = preSolution
		Debug|Any CPU = Debug|Any CPU
		Release|Any CPU = Release|Any CPU
	EndGlobalSection
	GlobalSection(ProjectConfigurationPlatforms) = postSolution
		{B488F2E3-E4DE-4D9B-937C-80E2526A3822}.Debug|Any CPU.ActiveCfg = Debug|Any CPU
		{B488F2E3-E4DE-4D9B-937C-80E2526A3822}.Debug|Any CPU.Build.0 = Debug|Any CPU
		{B488F2E3-E4DE-4D9B-937C-80E2526A3822}.Release|Any CPU.ActiveCfg = Release|Any CPU
		{B488F2E3-E4DE-4D9B-937C-80E2526A3822}.Release|Any CPU.Build.0 = Release|Any CPU
	EndGlobalSection
	GlobalSection(SolutionProperties) = preSolution
		HideSolutionNode = FALSE
	EndGlobalSection
EndGlobal
